// !$*UTF8*$!
{
	archiveVersion = 1;
	classes = {
	};
	objectVersion = 56;
	objects = {

/* Begin PBXBuildFile section */
		93285A7229220A82002E8152 /* ModalViewController.swift in Sources */ = {isa = PBXBuildFile; fileRef = 93285A7129220A81002E8152 /* ModalViewController.swift */; };
		935341B22922C1E100AACEF1 /* Extension.swift in Sources */ = {isa = PBXBuildFile; fileRef = 935341B12922C1E100AACEF1 /* Extension.swift */; };
		93AB94B5291D713C007D74D4 /* AppDelegate.swift in Sources */ = {isa = PBXBuildFile; fileRef = 93AB94B4291D713C007D74D4 /* AppDelegate.swift */; };
		93AB94B7291D713C007D74D4 /* SceneDelegate.swift in Sources */ = {isa = PBXBuildFile; fileRef = 93AB94B6291D713C007D74D4 /* SceneDelegate.swift */; };
		93AB94B9291D713C007D74D4 /* MarvelViewController.swift in Sources */ = {isa = PBXBuildFile; fileRef = 93AB94B8291D713C007D74D4 /* MarvelViewController.swift */; };
		93AB94BE291D7143007D74D4 /* Assets.xcassets in Resources */ = {isa = PBXBuildFile; fileRef = 93AB94BD291D7143007D74D4 /* Assets.xcassets */; };
		93AB94C1291D7143007D74D4 /* LaunchScreen.storyboard in Resources */ = {isa = PBXBuildFile; fileRef = 93AB94BF291D7143007D74D4 /* LaunchScreen.storyboard */; };
		93AB94D0291D772A007D74D4 /* SnapKit in Frameworks */ = {isa = PBXBuildFile; productRef = 93AB94CF291D772A007D74D4 /* SnapKit */; };
		93AB94D3291D779C007D74D4 /* Alamofire in Frameworks */ = {isa = PBXBuildFile; productRef = 93AB94D2291D779C007D74D4 /* Alamofire */; };
		93AB94D5291D7AED007D74D4 /* MarvelTableViewCell.swift in Sources */ = {isa = PBXBuildFile; fileRef = 93AB94D4291D7AED007D74D4 /* MarvelTableViewCell.swift */; };
		93AB94D7291D7EA9007D74D4 /* Model.swift in Sources */ = {isa = PBXBuildFile; fileRef = 93AB94D6291D7EA9007D74D4 /* Model.swift */; };
		93AB94D9291D8CE8007D74D4 /* MarvelURL.swift in Sources */ = {isa = PBXBuildFile; fileRef = 93AB94D8291D8CE8007D74D4 /* MarvelURL.swift */; };
/* End PBXBuildFile section */

/* Begin PBXFileReference section */
		93285A7129220A81002E8152 /* ModalViewController.swift */ = {isa = PBXFileReference; lastKnownFileType = sourcecode.swift; path = ModalViewController.swift; sourceTree = "<group>"; };
		935341B12922C1E100AACEF1 /* Extension.swift */ = {isa = PBXFileReference; lastKnownFileType = sourcecode.swift; path = Extension.swift; sourceTree = "<group>"; };
		93AB94B1291D713C007D74D4 /* MarvelAPI Alamofire.app */ = {isa = PBXFileReference; explicitFileType = wrapper.application; includeInIndex = 0; path = "MarvelAPI Alamofire.app"; sourceTree = BUILT_PRODUCTS_DIR; };
		93AB94B4291D713C007D74D4 /* AppDelegate.swift */ = {isa = PBXFileReference; lastKnownFileType = sourcecode.swift; path = AppDelegate.swift; sourceTree = "<group>"; };
		93AB94B6291D713C007D74D4 /* SceneDelegate.swift */ = {isa = PBXFileReference; lastKnownFileType = sourcecode.swift; path = SceneDelegate.swift; sourceTree = "<group>"; };
		93AB94B8291D713C007D74D4 /* MarvelViewController.swift */ = {isa = PBXFileReference; lastKnownFileType = sourcecode.swift; path = MarvelViewController.swift; sourceTree = "<group>"; };
		93AB94BD291D7143007D74D4 /* Assets.xcassets */ = {isa = PBXFileReference; lastKnownFileType = folder.assetcatalog; path = Assets.xcassets; sourceTree = "<group>"; };
		93AB94C0291D7143007D74D4 /* Base */ = {isa = PBXFileReference; lastKnownFileType = file.storyboard; name = Base; path = Base.lproj/LaunchScreen.storyboard; sourceTree = "<group>"; };
		93AB94C2291D7143007D74D4 /* Info.plist */ = {isa = PBXFileReference; lastKnownFileType = text.plist.xml; path = Info.plist; sourceTree = "<group>"; };
		93AB94D4291D7AED007D74D4 /* MarvelTableViewCell.swift */ = {isa = PBXFileReference; lastKnownFileType = sourcecode.swift; path = MarvelTableViewCell.swift; sourceTree = "<group>"; };
		93AB94D6291D7EA9007D74D4 /* Model.swift */ = {isa = PBXFileReference; lastKnownFileType = sourcecode.swift; path = Model.swift; sourceTree = "<group>"; };
		93AB94D8291D8CE8007D74D4 /* MarvelURL.swift */ = {isa = PBXFileReference; lastKnownFileType = sourcecode.swift; path = MarvelURL.swift; sourceTree = "<group>"; };
/* End PBXFileReference section */

/* Begin PBXFrameworksBuildPhase section */
		93AB94AE291D713C007D74D4 /* Frameworks */ = {
			isa = PBXFrameworksBuildPhase;
			buildActionMask = 2147483647;
			files = (
				93AB94D0291D772A007D74D4 /* SnapKit in Frameworks */,
				93AB94D3291D779C007D74D4 /* Alamofire in Frameworks */,
			);
			runOnlyForDeploymentPostprocessing = 0;
		};
/* End PBXFrameworksBuildPhase section */

/* Begin PBXGroup section */
		935341B02922C1C700AACEF1 /* Extension */ = {
			isa = PBXGroup;
			children = (
				935341B12922C1E100AACEF1 /* Extension.swift */,
			);
			path = Extension;
			sourceTree = "<group>";
		};
		93AB94A8291D713C007D74D4 = {
			isa = PBXGroup;
			children = (
				93AB94B3291D713C007D74D4 /* MarvelAPI Alamofire */,
				93AB94B2291D713C007D74D4 /* Products */,
			);
			sourceTree = "<group>";
		};
		93AB94B2291D713C007D74D4 /* Products */ = {
			isa = PBXGroup;
			children = (
				93AB94B1291D713C007D74D4 /* MarvelAPI Alamofire.app */,
			);
			name = Products;
			sourceTree = "<group>";
		};
		93AB94B3291D713C007D74D4 /* MarvelAPI Alamofire */ = {
			isa = PBXGroup;
			children = (
				93AB94C9291D72E6007D74D4 /* Resources */,
				93AB94C8291D72DD007D74D4 /* Sources */,
				93AB94BD291D7143007D74D4 /* Assets.xcassets */,
				93AB94BF291D7143007D74D4 /* LaunchScreen.storyboard */,
				93AB94C2291D7143007D74D4 /* Info.plist */,
			);
			path = "MarvelAPI Alamofire";
			sourceTree = "<group>";
		};
		93AB94C8291D72DD007D74D4 /* Sources */ = {
			isa = PBXGroup;
			children = (
				935341B02922C1C700AACEF1 /* Extension */,
				93AB94CD291D7308007D74D4 /* Model */,
				93AB94CC291D7302007D74D4 /* View */,
				93AB94CB291D72FB007D74D4 /* App */,
			);
			path = Sources;
			sourceTree = "<group>";
		};
		93AB94C9291D72E6007D74D4 /* Resources */ = {
			isa = PBXGroup;
			children = (
				93AB94CA291D72EF007D74D4 /* Configurations */,
			);
			path = Resources;
			sourceTree = "<group>";
		};
		93AB94CA291D72EF007D74D4 /* Configurations */ = {
			isa = PBXGroup;
			children = (
			);
			path = Configurations;
			sourceTree = "<group>";
		};
		93AB94CB291D72FB007D74D4 /* App */ = {
			isa = PBXGroup;
			children = (
				93AB94B4291D713C007D74D4 /* AppDelegate.swift */,
				93AB94B6291D713C007D74D4 /* SceneDelegate.swift */,
			);
			path = App;
			sourceTree = "<group>";
		};
		93AB94CC291D7302007D74D4 /* View */ = {
			isa = PBXGroup;
			children = (
				93AB94B8291D713C007D74D4 /* MarvelViewController.swift */,
				93AB94D4291D7AED007D74D4 /* MarvelTableViewCell.swift */,
				93285A7129220A81002E8152 /* ModalViewController.swift */,
			);
			path = View;
			sourceTree = "<group>";
		};
		93AB94CD291D7308007D74D4 /* Model */ = {
			isa = PBXGroup;
			children = (
				93AB94D6291D7EA9007D74D4 /* Model.swift */,
				93AB94D8291D8CE8007D74D4 /* MarvelURL.swift */,
			);
			path = Model;
			sourceTree = "<group>";
		};
/* End PBXGroup section */

/* Begin PBXNativeTarget section */
		93AB94B0291D713C007D74D4 /* MarvelAPI Alamofire */ = {
			isa = PBXNativeTarget;
			buildConfigurationList = 93AB94C5291D7143007D74D4 /* Build configuration list for PBXNativeTarget "MarvelAPI Alamofire" */;
			buildPhases = (
				93AB94AD291D713C007D74D4 /* Sources */,
				93AB94AE291D713C007D74D4 /* Frameworks */,
				93AB94AF291D713C007D74D4 /* Resources */,
			);
			buildRules = (
			);
			dependencies = (
			);
			name = "MarvelAPI Alamofire";
			packageProductDependencies = (
				93AB94CF291D772A007D74D4 /* SnapKit */,
				93AB94D2291D779C007D74D4 /* Alamofire */,
			);
			productName = "MarvelAPI Alamofire";
			productReference = 93AB94B1291D713C007D74D4 /* MarvelAPI Alamofire.app */;
			productType = "com.apple.product-type.application";
		};
/* End PBXNativeTarget section */

/* Begin PBXProject section */
		93AB94A9291D713C007D74D4 /* Project object */ = {
			isa = PBXProject;
			attributes = {
				BuildIndependentTargetsInParallel = 1;
				LastSwiftUpdateCheck = 1400;
				LastUpgradeCheck = 1400;
				TargetAttributes = {
					93AB94B0291D713C007D74D4 = {
						CreatedOnToolsVersion = 14.0;
					};
				};
			};
			buildConfigurationList = 93AB94AC291D713C007D74D4 /* Build configuration list for PBXProject "MarvelAPI Alamofire" */;
			compatibilityVersion = "Xcode 14.0";
			developmentRegion = en;
			hasScannedForEncodings = 0;
			knownRegions = (
				en,
				Base,
			);
			mainGroup = 93AB94A8291D713C007D74D4;
			packageReferences = (
				93AB94CE291D772A007D74D4 /* XCRemoteSwiftPackageReference "SnapKit" */,
				93AB94D1291D779C007D74D4 /* XCRemoteSwiftPackageReference "Alamofire" */,
			);
			productRefGroup = 93AB94B2291D713C007D74D4 /* Products */;
			projectDirPath = "";
			projectRoot = "";
			targets = (
				93AB94B0291D713C007D74D4 /* MarvelAPI Alamofire */,
			);
		};
/* End PBXProject section */

/* Begin PBXResourcesBuildPhase section */
		93AB94AF291D713C007D74D4 /* Resources */ = {
			isa = PBXResourcesBuildPhase;
			buildActionMask = 2147483647;
			files = (
				93AB94C1291D7143007D74D4 /* LaunchScreen.storyboard in Resources */,
				93AB94BE291D7143007D74D4 /* Assets.xcassets in Resources */,
			);
			runOnlyForDeploymentPostprocessing = 0;
		};
/* End PBXResourcesBuildPhase section */

/* Begin PBXSourcesBuildPhase section */
		93AB94AD291D713C007D74D4 /* Sources */ = {
			isa = PBXSourcesBuildPhase;
			buildActionMask = 2147483647;
			files = (
				93AB94D7291D7EA9007D74D4 /* Model.swift in Sources */,
				93AB94B9291D713C007D74D4 /* MarvelViewController.swift in Sources */,
				93AB94D9291D8CE8007D74D4 /* MarvelURL.swift in Sources */,
				93AB94B5291D713C007D74D4 /* AppDelegate.swift in Sources */,
				93AB94D5291D7AED007D74D4 /* MarvelTableViewCell.swift in Sources */,
				93AB94B7291D713C007D74D4 /* SceneDelegate.swift in Sources */,
				93285A7229220A82002E8152 /* ModalViewController.swift in Sources */,
				935341B22922C1E100AACEF1 /* Extension.swift in Sources */,
			);
			runOnlyForDeploymentPostprocessing = 0;
		};
/* End PBXSourcesBuildPhase section */

/* Begin PBXVariantGroup section */
		93AB94BF291D7143007D74D4 /* LaunchScreen.storyboard */ = {
			isa = PBXVariantGroup;
			children = (
				93AB94C0291D7143007D74D4 /* Base */,
			);
			name = LaunchScreen.storyboard;
			sourceTree = "<group>";
		};
/* End PBXVariantGroup section */

/* Begin XCBuildConfiguration section */
		93AB94C3291D7143007D74D4 /* Debug */ = {
			isa = XCBuildConfiguration;
			buildSettings = {
				ALWAYS_SEARCH_USER_PATHS = NO;
				CLANG_ANALYZER_NONNULL = YES;
				CLANG_ANALYZER_NUMBER_OBJECT_CONVERSION = YES_AGGRESSIVE;
				CLANG_CXX_LANGUAGE_STANDARD = "gnu++20";
				CLANG_ENABLE_MODULES = YES;
				CLANG_ENABLE_OBJC_ARC = YES;
				CLANG_ENABLE_OBJC_WEAK = YES;
				CLANG_WARN_BLOCK_CAPTURE_AUTORELEASING = YES;
				CLANG_WARN_BOOL_CONVERSION = YES;
				CLANG_WARN_COMMA = YES;
				CLANG_WARN_CONSTANT_CONVERSION = YES;
				CLANG_WARN_DEPRECATED_OBJC_IMPLEMENTATIONS = YES;
				CLANG_WARN_DIRECT_OBJC_ISA_USAGE = YES_ERROR;
				CLANG_WARN_DOCUMENTATION_COMMENTS = YES;
				CLANG_WARN_EMPTY_BODY = YES;
				CLANG_WARN_ENUM_CONVERSION = YES;
				CLANG_WARN_INFINITE_RECURSION = YES;
				CLANG_WARN_INT_CONVERSION = YES;
				CLANG_WARN_NON_LITERAL_NULL_CONVERSION = YES;
				CLANG_WARN_OBJC_IMPLICIT_RETAIN_SELF = YES;
				CLANG_WARN_OBJC_LITERAL_CONVERSION = YES;
				CLANG_WARN_OBJC_ROOT_CLASS = YES_ERROR;
				CLANG_WARN_QUOTED_INCLUDE_IN_FRAMEWORK_HEADER = YES;
				CLANG_WARN_RANGE_LOOP_ANALYSIS = YES;
				CLANG_WARN_STRICT_PROTOTYPES = YES;
				CLANG_WARN_SUSPICIOUS_MOVE = YES;
				CLANG_WARN_UNGUARDED_AVAILABILITY = YES_AGGRESSIVE;
				CLANG_WARN_UNREACHABLE_CODE = YES;
				CLANG_WARN__DUPLICATE_METHOD_MATCH = YES;
				COPY_PHASE_STRIP = NO;
				DEBUG_INFORMATION_FORMAT = dwarf;
				ENABLE_STRICT_OBJC_MSGSEND = YES;
				ENABLE_TESTABILITY = YES;
				GCC_C_LANGUAGE_STANDARD = gnu11;
				GCC_DYNAMIC_NO_PIC = NO;
				GCC_NO_COMMON_BLOCKS = YES;
				GCC_OPTIMIZATION_LEVEL = 0;
				GCC_PREPROCESSOR_DEFINITIONS = (
					"DEBUG=1",
					"$(inherited)",
				);
				GCC_WARN_64_TO_32_BIT_CONVERSION = YES;
				GCC_WARN_ABOUT_RETURN_TYPE = YES_ERROR;
				GCC_WARN_UNDECLARED_SELECTOR = YES;
				GCC_WARN_UNINITIALIZED_AUTOS = YES_AGGRESSIVE;
				GCC_WARN_UNUSED_FUNCTION = YES;
				GCC_WARN_UNUSED_VARIABLE = YES;
				IPHONEOS_DEPLOYMENT_TARGET = 16.0;
				MTL_ENABLE_DEBUG_INFO = INCLUDE_SOURCE;
				MTL_FAST_MATH = YES;
				ONLY_ACTIVE_ARCH = YES;
				SDKROOT = iphoneos;
				SWIFT_ACTIVE_COMPILATION_CONDITIONS = DEBUG;
				SWIFT_OPTIMIZATION_LEVEL = "-Onone";
			};
			name = Debug;
		};
		93AB94C4291D7143007D74D4 /* Release */ = {
			isa = XCBuildConfiguration;
			buildSettings = {
				ALWAYS_SEARCH_USER_PATHS = NO;
				CLANG_ANALYZER_NONNULL = YES;
				CLANG_ANALYZER_NUMBER_OBJECT_CONVERSION = YES_AGGRESSIVE;
				CLANG_CXX_LANGUAGE_STANDARD = "gnu++20";
				CLANG_ENABLE_MODULES = YES;
				CLANG_ENABLE_OBJC_ARC = YES;
				CLANG_ENABLE_OBJC_WEAK = YES;
				CLANG_WARN_BLOCK_CAPTURE_AUTORELEASING = YES;
				CLANG_WARN_BOOL_CONVERSION = YES;
				CLANG_WARN_COMMA = YES;
				CLANG_WARN_CONSTANT_CONVERSION = YES;
				CLANG_WARN_DEPRECATED_OBJC_IMPLEMENTATIONS = YES;
				CLANG_WARN_DIRECT_OBJC_ISA_USAGE = YES_ERROR;
				CLANG_WARN_DOCUMENTATION_COMMENTS = YES;
				CLANG_WARN_EMPTY_BODY = YES;
				CLANG_WARN_ENUM_CONVERSION = YES;
				CLANG_WARN_INFINITE_RECURSION = YES;
				CLANG_WARN_INT_CONVERSION = YES;
				CLANG_WARN_NON_LITERAL_NULL_CONVERSION = YES;
				CLANG_WARN_OBJC_IMPLICIT_RETAIN_SELF = YES;
				CLANG_WARN_OBJC_LITERAL_CONVERSION = YES;
				CLANG_WARN_OBJC_ROOT_CLASS = YES_ERROR;
				CLANG_WARN_QUOTED_INCLUDE_IN_FRAMEWORK_HEADER = YES;
				CLANG_WARN_RANGE_LOOP_ANALYSIS = YES;
				CLANG_WARN_STRICT_PROTOTYPES = YES;
				CLANG_WARN_SUSPICIOUS_MOVE = YES;
				CLANG_WARN_UNGUARDED_AVAILABILITY = YES_AGGRESSIVE;
				CLANG_WARN_UNREACHABLE_CODE = YES;
				CLANG_WARN__DUPLICATE_METHOD_MATCH = YES;
				COPY_PHASE_STRIP = NO;
				DEBUG_INFORMATION_FORMAT = "dwarf-with-dsym";
				ENABLE_NS_ASSERTIONS = NO;
				ENABLE_STRICT_OBJC_MSGSEND = YES;
				GCC_C_LANGUAGE_STANDARD = gnu11;
				GCC_NO_COMMON_BLOCKS = YES;
				GCC_WARN_64_TO_32_BIT_CONVERSION = YES;
				GCC_WARN_ABOUT_RETURN_TYPE = YES_ERROR;
				GCC_WARN_UNDECLARED_SELECTOR = YES;
				GCC_WARN_UNINITIALIZED_AUTOS = YES_AGGRESSIVE;
				GCC_WARN_UNUSED_FUNCTION = YES;
				GCC_WARN_UNUSED_VARIABLE = YES;
				IPHONEOS_DEPLOYMENT_TARGET = 16.0;
				MTL_ENABLE_DEBUG_INFO = NO;
				MTL_FAST_MATH = YES;
				SDKROOT = iphoneos;
				SWIFT_COMPILATION_MODE = wholemodule;
				SWIFT_OPTIMIZATION_LEVEL = "-O";
				VALIDATE_PRODUCT = YES;
			};
			name = Release;
		};
		93AB94C6291D7143007D74D4 /* Debug */ = {
			isa = XCBuildConfiguration;
			buildSettings = {
				ASSETCATALOG_COMPILER_APPICON_NAME = AppIcon;
				ASSETCATALOG_COMPILER_GLOBAL_ACCENT_COLOR_NAME = AccentColor;
				CODE_SIGN_STYLE = Automatic;
				CURRENT_PROJECT_VERSION = 1;
				DEVELOPMENT_TEAM = JVGS8KMH8X;
				GENERATE_INFOPLIST_FILE = YES;
				INFOPLIST_FILE = "MarvelAPI Alamofire/Info.plist";
				INFOPLIST_KEY_UIApplicationSupportsIndirectInputEvents = YES;
				INFOPLIST_KEY_UILaunchStoryboardName = LaunchScreen;
				INFOPLIST_KEY_UISupportedInterfaceOrientations_iPad = "UIInterfaceOrientationPortrait UIInterfaceOrientationPortraitUpsideDown UIInterfaceOrientationLandscapeLeft UIInterfaceOrientationLandscapeRight";
				INFOPLIST_KEY_UISupportedInterfaceOrientations_iPhone = "UIInterfaceOrientationPortrait UIInterfaceOrientationLandscapeLeft UIInterfaceOrientationLandscapeRight";
				IPHONEOS_DEPLOYMENT_TARGET = 15.5;
				LD_RUNPATH_SEARCH_PATHS = (
					"$(inherited)",
					"@executable_path/Frameworks",
				);
				MARKETING_VERSION = 1.0;
				PRODUCT_BUNDLE_IDENTIFIER = "com.my.MarvelAPI-Alamofire";
				PRODUCT_NAME = "$(TARGET_NAME)";
				SWIFT_EMIT_LOC_STRINGS = YES;
				SWIFT_VERSION = 5.0;
				TARGETED_DEVICE_FAMILY = "1,2";
			};
			name = Debug;
		};
		93AB94C7291D7143007D74D4 /* Release */ = {
			isa = XCBuildConfiguration;
			buildSettings = {
				ASSETCATALOG_COMPILER_APPICON_NAME = AppIcon;
				ASSETCATALOG_COMPILER_GLOBAL_ACCENT_COLOR_NAME = AccentColor;
				CODE_SIGN_STYLE = Automatic;
				CURRENT_PROJECT_VERSION = 1;
				DEVELOPMENT_TEAM = JVGS8KMH8X;
				GENERATE_INFOPLIST_FILE = YES;
				INFOPLIST_FILE = "MarvelAPI Alamofire/Info.plist";
				INFOPLIST_KEY_UIApplicationSupportsIndirectInputEvents = YES;
				INFOPLIST_KEY_UILaunchStoryboardName = LaunchScreen;
				INFOPLIST_KEY_UISupportedInterfaceOrientations_iPad = "UIInterfaceOrientationPortrait UIInterfaceOrientationPortraitUpsideDown UIInterfaceOrientationLandscapeLeft UIInterfaceOrientationLandscapeRight";
				INFOPLIST_KEY_UISupportedInterfaceOrientations_iPhone = "UIInterfaceOrientationPortrait UIInterfaceOrientationLandscapeLeft UIInterfaceOrientationLandscapeRight";
				IPHONEOS_DEPLOYMENT_TARGET = 15.5;
				LD_RUNPATH_SEARCH_PATHS = (
					"$(inherited)",
					"@executable_path/Frameworks",
				);
				MARKETING_VERSION = 1.0;
				PRODUCT_BUNDLE_IDENTIFIER = "com.my.MarvelAPI-Alamofire";
				PRODUCT_NAME = "$(TARGET_NAME)";
				SWIFT_EMIT_LOC_STRINGS = YES;
				SWIFT_VERSION = 5.0;
				TARGETED_DEVICE_FAMILY = "1,2";
			};
			name = Release;
		};
/* End XCBuildConfiguration section */

/* Begin XCConfigurationList section */
		93AB94AC291D713C007D74D4 /* Build configuration list for PBXProject "MarvelAPI Alamofire" */ = {
			isa = XCConfigurationList;
			buildConfigurations = (
				93AB94C3291D7143007D74D4 /* Debug */,
				93AB94C4291D7143007D74D4 /* Release */,
			);
			defaultConfigurationIsVisible = 0;
			defaultConfigurationName = Release;
		};
		93AB94C5291D7143007D74D4 /* Build configuration list for PBXNativeTarget "MarvelAPI Alamofire" */ = {
			isa = XCConfigurationList;
			buildConfigurations = (
				93AB94C6291D7143007D74D4 /* Debug */,
				93AB94C7291D7143007D74D4 /* Release */,
			);
			defaultConfigurationIsVisible = 0;
			defaultConfigurationName = Release;
		};
/* End XCConfigurationList section */

/* Begin XCRemoteSwiftPackageReference section */
		93AB94CE291D772A007D74D4 /* XCRemoteSwiftPackageReference "SnapKit" */ = {
			isa = XCRemoteSwiftPackageReference;
			repositoryURL = "https://github.com/SnapKit/SnapKit.git";
			requirement = {
				branch = develop;
				kind = branch;
			};
		};
		93AB94D1291D779C007D74D4 /* XCRemoteSwiftPackageReference "Alamofire" */ = {
			isa = XCRemoteSwiftPackageReference;
			repositoryURL = "https://github.com/Alamofire/Alamofire.git";
			requirement = {
				kind = upToNextMajorVersion;
				minimumVersion = 5.0.0;
			};
		};
/* End XCRemoteSwiftPackageReference section */

/* Begin XCSwiftPackageProductDependency section */
		93AB94CF291D772A007D74D4 /* SnapKit */ = {
			isa = XCSwiftPackageProductDependency;
			package = 93AB94CE291D772A007D74D4 /* XCRemoteSwiftPackageReference "SnapKit" */;
			productName = SnapKit;
		};
		93AB94D2291D779C007D74D4 /* Alamofire */ = {
			isa = XCSwiftPackageProductDependency;
			package = 93AB94D1291D779C007D74D4 /* XCRemoteSwiftPackageReference "Alamofire" */;
			productName = Alamofire;
		};
/* End XCSwiftPackageProductDependency section */
	};
	rootObject = 93AB94A9291D713C007D74D4 /* Project object */;
}
